// !$*UTF8*$!
{
	archiveVersion = 1;
	classes = {
	};
	objectVersion = 46;
	objects = {

/* Begin PBXBuildFile section */
		100F81FB181ECC1F001DE3C1 /* Foundation.framework in Frameworks */ = {isa = PBXBuildFile; fileRef = 100F81FA181ECC1F001DE3C1 /* Foundation.framework */; };
		100F81FD181ECC1F001DE3C1 /* CoreGraphics.framework in Frameworks */ = {isa = PBXBuildFile; fileRef = 100F81FC181ECC1F001DE3C1 /* CoreGraphics.framework */; };
		100F81FF181ECC1F001DE3C1 /* UIKit.framework in Frameworks */ = {isa = PBXBuildFile; fileRef = 100F81FE181ECC1F001DE3C1 /* UIKit.framework */; };
		100F8205181ECC1F001DE3C1 /* InfoPlist.strings in Resources */ = {isa = PBXBuildFile; fileRef = 100F8203181ECC1F001DE3C1 /* InfoPlist.strings */; };
		100F8207181ECC1F001DE3C1 /* main.m in Sources */ = {isa = PBXBuildFile; fileRef = 100F8206181ECC1F001DE3C1 /* main.m */; };
		100F820B181ECC1F001DE3C1 /* AppDelegate.m in Sources */ = {isa = PBXBuildFile; fileRef = 100F820A181ECC1F001DE3C1 /* AppDelegate.m */; };
		100F820D181ECC1F001DE3C1 /* Images.xcassets in Resources */ = {isa = PBXBuildFile; fileRef = 100F820C181ECC1F001DE3C1 /* Images.xcassets */; };
		100F8214181ECC1F001DE3C1 /* XCTest.framework in Frameworks */ = {isa = PBXBuildFile; fileRef = 100F8213181ECC1F001DE3C1 /* XCTest.framework */; };
		100F8215181ECC1F001DE3C1 /* Foundation.framework in Frameworks */ = {isa = PBXBuildFile; fileRef = 100F81FA181ECC1F001DE3C1 /* Foundation.framework */; };
		100F8216181ECC1F001DE3C1 /* UIKit.framework in Frameworks */ = {isa = PBXBuildFile; fileRef = 100F81FE181ECC1F001DE3C1 /* UIKit.framework */; };
		100F821E181ECC1F001DE3C1 /* InfoPlist.strings in Resources */ = {isa = PBXBuildFile; fileRef = 100F821C181ECC1F001DE3C1 /* InfoPlist.strings */; };
		100F8220181ECC1F001DE3C1 /* MRRSampleTests.m in Sources */ = {isa = PBXBuildFile; fileRef = 100F821F181ECC1F001DE3C1 /* MRRSampleTests.m */; };
		100F822B181ECC2F001DE3C1 /* Test.m in Sources */ = {isa = PBXBuildFile; fileRef = 100F822A181ECC2F001DE3C1 /* Test.m */; settings = {COMPILER_FLAGS = "-fno-objc-arc"; }; };
/* End PBXBuildFile section */

/* Begin PBXContainerItemProxy section */
		100F8217181ECC1F001DE3C1 /* PBXContainerItemProxy */ = {
			isa = PBXContainerItemProxy;
			containerPortal = 100F81EF181ECC1F001DE3C1 /* Project object */;
			proxyType = 1;
			remoteGlobalIDString = 100F81F6181ECC1F001DE3C1;
			remoteInfo = MRRSample;
		};
/* End PBXContainerItemProxy section */

/* Begin PBXFileReference section */
		100F81F7181ECC1F001DE3C1 /* MRRSample.app */ = {isa = PBXFileReference; explicitFileType = wrapper.application; includeInIndex = 0; path = MRRSample.app; sourceTree = BUILT_PRODUCTS_DIR; };
		100F81FA181ECC1F001DE3C1 /* Foundation.framework */ = {isa = PBXFileReference; lastKnownFileType = wrapper.framework; name = Foundation.framework; path = System/Library/Frameworks/Foundation.framework; sourceTree = SDKROOT; };
		100F81FC181ECC1F001DE3C1 /* CoreGraphics.framework */ = {isa = PBXFileReference; lastKnownFileType = wrapper.framework; name = CoreGraphics.framework; path = System/Library/Frameworks/CoreGraphics.framework; sourceTree = SDKROOT; };
		100F81FE181ECC1F001DE3C1 /* UIKit.framework */ = {isa = PBXFileReference; lastKnownFileType = wrapper.framework; name = UIKit.framework; path = System/Library/Frameworks/UIKit.framework; sourceTree = SDKROOT; };
		100F8202181ECC1F001DE3C1 /* MRRSample-Info.plist */ = {isa = PBXFileReference; lastKnownFileType = text.plist.xml; path = "MRRSample-Info.plist"; sourceTree = "<group>"; };
		100F8204181ECC1F001DE3C1 /* en */ = {isa = PBXFileReference; lastKnownFileType = text.plist.strings; name = en; path = en.lproj/InfoPlist.strings; sourceTree = "<group>"; };
		100F8206181ECC1F001DE3C1 /* main.m */ = {isa = PBXFileReference; lastKnownFileType = sourcecode.c.objc; path = main.m; sourceTree = "<group>"; };
		100F8208181ECC1F001DE3C1 /* MRRSample-Prefix.pch */ = {isa = PBXFileReference; lastKnownFileType = sourcecode.c.h; path = "MRRSample-Prefix.pch"; sourceTree = "<group>"; };
		100F8209181ECC1F001DE3C1 /* AppDelegate.h */ = {isa = PBXFileReference; lastKnownFileType = sourcecode.c.h; path = AppDelegate.h; sourceTree = "<group>"; };
		100F820A181ECC1F001DE3C1 /* AppDelegate.m */ = {isa = PBXFileReference; lastKnownFileType = sourcecode.c.objc; path = AppDelegate.m; sourceTree = "<group>"; };
		100F820C181ECC1F001DE3C1 /* Images.xcassets */ = {isa = PBXFileReference; lastKnownFileType = folder.assetcatalog; path = Images.xcassets; sourceTree = "<group>"; };
		100F8212181ECC1F001DE3C1 /* MRRSampleTests.xctest */ = {isa = PBXFileReference; explicitFileType = wrapper.cfbundle; includeInIndex = 0; path = MRRSampleTests.xctest; sourceTree = BUILT_PRODUCTS_DIR; };
		100F8213181ECC1F001DE3C1 /* XCTest.framework */ = {isa = PBXFileReference; lastKnownFileType = wrapper.framework; name = XCTest.framework; path = Library/Frameworks/XCTest.framework; sourceTree = DEVELOPER_DIR; };
		100F821B181ECC1F001DE3C1 /* MRRSampleTests-Info.plist */ = {isa = PBXFileReference; lastKnownFileType = text.plist.xml; path = "MRRSampleTests-Info.plist"; sourceTree = "<group>"; };
		100F821D181ECC1F001DE3C1 /* en */ = {isa = PBXFileReference; lastKnownFileType = text.plist.strings; name = en; path = en.lproj/InfoPlist.strings; sourceTree = "<group>"; };
		100F821F181ECC1F001DE3C1 /* MRRSampleTests.m */ = {isa = PBXFileReference; lastKnownFileType = sourcecode.c.objc; path = MRRSampleTests.m; sourceTree = "<group>"; };
		100F8229181ECC2F001DE3C1 /* Test.h */ = {isa = PBXFileReference; fileEncoding = 4; lastKnownFileType = sourcecode.c.h; path = Test.h; sourceTree = "<group>"; };
		100F822A181ECC2F001DE3C1 /* Test.m */ = {isa = PBXFileReference; fileEncoding = 4; lastKnownFileType = sourcecode.c.objc; path = Test.m; sourceTree = "<group>"; };
/* End PBXFileReference section */

/* Begin PBXFrameworksBuildPhase section */
		100F81F4181ECC1F001DE3C1 /* Frameworks */ = {
			isa = PBXFrameworksBuildPhase;
			buildActionMask = 2147483647;
			files = (
				100F81FD181ECC1F001DE3C1 /* CoreGraphics.framework in Frameworks */,
				100F81FF181ECC1F001DE3C1 /* UIKit.framework in Frameworks */,
				100F81FB181ECC1F001DE3C1 /* Foundation.framework in Frameworks */,
			);
			runOnlyForDeploymentPostprocessing = 0;
		};
		100F820F181ECC1F001DE3C1 /* Frameworks */ = {
			isa = PBXFrameworksBuildPhase;
			buildActionMask = 2147483647;
			files = (
				100F8214181ECC1F001DE3C1 /* XCTest.framework in Frameworks */,
				100F8216181ECC1F001DE3C1 /* UIKit.framework in Frameworks */,
				100F8215181ECC1F001DE3C1 /* Foundation.framework in Frameworks */,
			);
			runOnlyForDeploymentPostprocessing = 0;
		};
/* End PBXFrameworksBuildPhase section */

/* Begin PBXGroup section */
		100F81EE181ECC1F001DE3C1 = {
			isa = PBXGroup;
			children = (
				100F8200181ECC1F001DE3C1 /* MRRSample */,
				100F8219181ECC1F001DE3C1 /* MRRSampleTests */,
				100F81F9181ECC1F001DE3C1 /* Frameworks */,
				100F81F8181ECC1F001DE3C1 /* Products */,
			);
			sourceTree = "<group>";
		};
		100F81F8181ECC1F001DE3C1 /* Products */ = {
			isa = PBXGroup;
			children = (
				100F81F7181ECC1F001DE3C1 /* MRRSample.app */,
				100F8212181ECC1F001DE3C1 /* MRRSampleTests.xctest */,
			);
			name = Products;
			sourceTree = "<group>";
		};
		100F81F9181ECC1F001DE3C1 /* Frameworks */ = {
			isa = PBXGroup;
			children = (
				100F81FA181ECC1F001DE3C1 /* Foundation.framework */,
				100F81FC181ECC1F001DE3C1 /* CoreGraphics.framework */,
				100F81FE181ECC1F001DE3C1 /* UIKit.framework */,
				100F8213181ECC1F001DE3C1 /* XCTest.framework */,
			);
			name = Frameworks;
			sourceTree = "<group>";
		};
		100F8200181ECC1F001DE3C1 /* MRRSample */ = {
			isa = PBXGroup;
			children = (
				100F8209181ECC1F001DE3C1 /* AppDelegate.h */,
				100F820A181ECC1F001DE3C1 /* AppDelegate.m */,
				100F820C181ECC1F001DE3C1 /* Images.xcassets */,
				100F8201181ECC1F001DE3C1 /* Supporting Files */,
				100F8229181ECC2F001DE3C1 /* Test.h */,
				100F822A181ECC2F001DE3C1 /* Test.m */,
			);
			path = MRRSample;
			sourceTree = "<group>";
		};
		100F8201181ECC1F001DE3C1 /* Supporting Files */ = {
			isa = PBXGroup;
			children = (
				100F8202181ECC1F001DE3C1 /* MRRSample-Info.plist */,
				100F8203181ECC1F001DE3C1 /* InfoPlist.strings */,
				100F8206181ECC1F001DE3C1 /* main.m */,
				100F8208181ECC1F001DE3C1 /* MRRSample-Prefix.pch */,
			);
			name = "Supporting Files";
			sourceTree = "<group>";
		};
		100F8219181ECC1F001DE3C1 /* MRRSampleTests */ = {
			isa = PBXGroup;
			children = (
				100F821F181ECC1F001DE3C1 /* MRRSampleTests.m */,
				100F821A181ECC1F001DE3C1 /* Supporting Files */,
			);
			path = MRRSampleTests;
			sourceTree = "<group>";
		};
		100F821A181ECC1F001DE3C1 /* Supporting Files */ = {
			isa = PBXGroup;
			children = (
				100F821B181ECC1F001DE3C1 /* MRRSampleTests-Info.plist */,
				100F821C181ECC1F001DE3C1 /* InfoPlist.strings */,
			);
			name = "Supporting Files";
			sourceTree = "<group>";
		};
/* End PBXGroup section */

/* Begin PBXNativeTarget section */
		100F81F6181ECC1F001DE3C1 /* MRRSample */ = {
			isa = PBXNativeTarget;
			buildConfigurationList = 100F8223181ECC1F001DE3C1 /* Build configuration list for PBXNativeTarget "MRRSample" */;
			buildPhases = (
				100F81F3181ECC1F001DE3C1 /* Sources */,
				100F81F4181ECC1F001DE3C1 /* Frameworks */,
				100F81F5181ECC1F001DE3C1 /* Resources */,
			);
			buildRules = (
			);
			dependencies = (
			);
			name = MRRSample;
			productName = MRRSample;
			productReference = 100F81F7181ECC1F001DE3C1 /* MRRSample.app */;
			productType = "com.apple.product-type.application";
		};
		100F8211181ECC1F001DE3C1 /* MRRSampleTests */ = {
			isa = PBXNativeTarget;
			buildConfigurationList = 100F8226181ECC1F001DE3C1 /* Build configuration list for PBXNativeTarget "MRRSampleTests" */;
			buildPhases = (
				100F820E181ECC1F001DE3C1 /* Sources */,
				100F820F181ECC1F001DE3C1 /* Frameworks */,
				100F8210181ECC1F001DE3C1 /* Resources */,
			);
			buildRules = (
			);
			dependencies = (
				100F8218181ECC1F001DE3C1 /* PBXTargetDependency */,
			);
			name = MRRSampleTests;
			productName = MRRSampleTests;
			productReference = 100F8212181ECC1F001DE3C1 /* MRRSampleTests.xctest */;
			productType = "com.apple.product-type.bundle.unit-test";
		};
/* End PBXNativeTarget section */

/* Begin PBXProject section */
		100F81EF181ECC1F001DE3C1 /* Project object */ = {
			isa = PBXProject;
			attributes = {
				LastUpgradeCheck = 0500;
				ORGANIZATIONNAME = itomych;
				TargetAttributes = {
					100F8211181ECC1F001DE3C1 = {
						TestTargetID = 100F81F6181ECC1F001DE3C1;
					};
				};
			};
			buildConfigurationList = 100F81F2181ECC1F001DE3C1 /* Build configuration list for PBXProject "MRRSample" */;
			compatibilityVersion = "Xcode 3.2";
			developmentRegion = English;
			hasScannedForEncodings = 0;
			knownRegions = (
				en,
			);
			mainGroup = 100F81EE181ECC1F001DE3C1;
			productRefGroup = 100F81F8181ECC1F001DE3C1 /* Products */;
			projectDirPath = "";
			projectRoot = "";
			targets = (
				100F81F6181ECC1F001DE3C1 /* MRRSample */,
				100F8211181ECC1F001DE3C1 /* MRRSampleTests */,
			);
		};
/* End PBXProject section */

/* Begin PBXResourcesBuildPhase section */
		100F81F5181ECC1F001DE3C1 /* Resources */ = {
			isa = PBXResourcesBuildPhase;
			buildActionMask = 2147483647;
			files = (
				100F8205181ECC1F001DE3C1 /* InfoPlist.strings in Resources */,
				100F820D181ECC1F001DE3C1 /* Images.xcassets in Resources */,
			);
			runOnlyForDeploymentPostprocessing = 0;
		};
		100F8210181ECC1F001DE3C1 /* Resources */ = {
			isa = PBXResourcesBuildPhase;
			buildActionMask = 2147483647;
			files = (
				100F821E181ECC1F001DE3C1 /* InfoPlist.strings in Resources */,
			);
			runOnlyForDeploymentPostprocessing = 0;
		};
/* End PBXResourcesBuildPhase section */

/* Begin PBXSourcesBuildPhase section */
		100F81F3181ECC1F001DE3C1 /* Sources */ = {
			isa = PBXSourcesBuildPhase;
			buildActionMask = 2147483647;
			files = (
				100F822B181ECC2F001DE3C1 /* Test.m in Sources */,
				100F820B181ECC1F001DE3C1 /* AppDelegate.m in Sources */,
				100F8207181ECC1F001DE3C1 /* main.m in Sources */,
			);
			runOnlyForDeploymentPostprocessing = 0;
		};
		100F820E181ECC1F001DE3C1 /* Sources */ = {
			isa = PBXSourcesBuildPhase;
			buildActionMask = 2147483647;
			files = (
				100F8220181ECC1F001DE3C1 /* MRRSampleTests.m in Sources */,
			);
			runOnlyForDeploymentPostprocessing = 0;
		};
/* End PBXSourcesBuildPhase section */

/* Begin PBXTargetDependency section */
		100F8218181ECC1F001DE3C1 /* PBXTargetDependency */ = {
			isa = PBXTargetDependency;
			target = 100F81F6181ECC1F001DE3C1 /* MRRSample */;
			targetProxy = 100F8217181ECC1F001DE3C1 /* PBXContainerItemProxy */;
		};
/* End PBXTargetDependency section */

/* Begin PBXVariantGroup section */
		100F8203181ECC1F001DE3C1 /* InfoPlist.strings */ = {
			isa = PBXVariantGroup;
			children = (
				100F8204181ECC1F001DE3C1 /* en */,
			);
			name = InfoPlist.strings;
			sourceTree = "<group>";
		};
		100F821C181ECC1F001DE3C1 /* InfoPlist.strings */ = {
			isa = PBXVariantGroup;
			children = (
				100F821D181ECC1F001DE3C1 /* en */,
			);
			name = InfoPlist.strings;
			sourceTree = "<group>";
		};
/* End PBXVariantGroup section */

/* Begin XCBuildConfiguration section */
		100F8221181ECC1F001DE3C1 /* Debug */ = {
			isa = XCBuildConfiguration;
			buildSettings = {
				ALWAYS_SEARCH_USER_PATHS = NO;
				ARCHS = "$(ARCHS_STANDARD_INCLUDING_64_BIT)";
				CLANG_CXX_LANGUAGE_STANDARD = "gnu++0x";
				CLANG_CXX_LIBRARY = "libc++";
				CLANG_ENABLE_MODULES = YES;
				CLANG_ENABLE_OBJC_ARC = YES;
				CLANG_WARN_BOOL_CONVERSION = YES;
				CLANG_WARN_CONSTANT_CONVERSION = YES;
				CLANG_WARN_DIRECT_OBJC_ISA_USAGE = YES_ERROR;
				CLANG_WARN_EMPTY_BODY = YES;
				CLANG_WARN_ENUM_CONVERSION = YES;
				CLANG_WARN_INT_CONVERSION = YES;
				CLANG_WARN_OBJC_ROOT_CLASS = YES_ERROR;
				CLANG_WARN__DUPLICATE_METHOD_MATCH = YES;
				"CODE_SIGN_IDENTITY[sdk=iphoneos*]" = "iPhone Developer";
				COPY_PHASE_STRIP = NO;
				GCC_C_LANGUAGE_STANDARD = gnu99;
				GCC_DYNAMIC_NO_PIC = NO;
				GCC_OPTIMIZATION_LEVEL = 0;
				GCC_PREPROCESSOR_DEFINITIONS = (
					"DEBUG=1",
					"$(inherited)",
				);
				GCC_SYMBOLS_PRIVATE_EXTERN = NO;
				GCC_WARN_64_TO_32_BIT_CONVERSION = YES;
				GCC_WARN_ABOUT_RETURN_TYPE = YES_ERROR;
				GCC_WARN_UNDECLARED_SELECTOR = YES;
				GCC_WARN_UNINITIALIZED_AUTOS = YES;
				GCC_WARN_UNUSED_FUNCTION = YES;
				GCC_WARN_UNUSED_VARIABLE = YES;
				IPHONEOS_DEPLOYMENT_TARGET = 7.0;
				ONLY_ACTIVE_ARCH = YES;
				SDKROOT = iphoneos;
			};
			name = Debug;
		};
		100F8222181ECC1F001DE3C1 /* Release */ = {
			isa = XCBuildConfiguration;
			buildSettings = {
				ALWAYS_SEARCH_USER_PATHS = NO;
				ARCHS = "$(ARCHS_STANDARD_INCLUDING_64_BIT)";
				CLANG_CXX_LANGUAGE_STANDARD = "gnu++0x";
				CLANG_CXX_LIBRARY = "libc++";
				CLANG_ENABLE_MODULES = YES;
				CLANG_ENABLE_OBJC_ARC = YES;
				CLANG_WARN_BOOL_CONVERSION = YES;
				CLANG_WARN_CONSTANT_CONVERSION = YES;
				CLANG_WARN_DIRECT_OBJC_ISA_USAGE = YES_ERROR;
				CLANG_WARN_EMPTY_BODY = YES;
				CLANG_WARN_ENUM_CONVERSION = YES;
				CLANG_WARN_INT_CONVERSION = YES;
				CLANG_WARN_OBJC_ROOT_CLASS = YES_ERROR;
				CLANG_WARN__DUPLICATE_METHOD_MATCH = YES;
				"CODE_SIGN_IDENTITY[sdk=iphoneos*]" = "iPhone Developer";
				COPY_PHASE_STRIP = YES;
				ENABLE_NS_ASSERTIONS = NO;
				GCC_C_LANGUAGE_STANDARD = gnu99;
				GCC_WARN_64_TO_32_BIT_CONVERSION = YES;
				GCC_WARN_ABOUT_RETURN_TYPE = YES_ERROR;
				GCC_WARN_UNDECLARED_SELECTOR = YES;
				GCC_WARN_UNINITIALIZED_AUTOS = YES;
				GCC_WARN_UNUSED_FUNCTION = YES;
				GCC_WARN_UNUSED_VARIABLE = YES;
				IPHONEOS_DEPLOYMENT_TARGET = 7.0;
				SDKROOT = iphoneos;
				VALIDATE_PRODUCT = YES;
			};
			name = Release;
		};
		100F8224181ECC1F001DE3C1 /* Debug */ = {
			isa = XCBuildConfiguration;
			buildSettings = {
				ASSETCATALOG_COMPILER_APPICON_NAME = AppIcon;
				ASSETCATALOG_COMPILER_LAUNCHIMAGE_NAME = LaunchImage;
				GCC_PRECOMPILE_PREFIX_HEADER = YES;
				GCC_PREFIX_HEADER = "MRRSample/MRRSample-Prefix.pch";
				INFOPLIST_FILE = "MRRSample/MRRSample-Info.plist";
				PRODUCT_NAME = "$(TARGET_NAME)";
				WRAPPER_EXTENSION = app;
			};
			name = Debug;
		};
		100F8225181ECC1F001DE3C1 /* Release */ = {
			isa = XCBuildConfiguration;
			buildSettings = {
				ASSETCATALOG_COMPILER_APPICON_NAME = AppIcon;
				ASSETCATALOG_COMPILER_LAUNCHIMAGE_NAME = LaunchImage;
				GCC_PRECOMPILE_PREFIX_HEADER = YES;
				GCC_PREFIX_HEADER = "MRRSample/MRRSample-Prefix.pch";
				INFOPLIST_FILE = "MRRSample/MRRSample-Info.plist";
				PRODUCT_NAME = "$(TARGET_NAME)";
				WRAPPER_EXTENSION = app;
			};
			name = Release;
		};
		100F8227181ECC1F001DE3C1 /* Debug */ = {
			isa = XCBuildConfiguration;
			buildSettings = {
				ARCHS = "$(ARCHS_STANDARD_INCLUDING_64_BIT)";
				BUNDLE_LOADER = "$(BUILT_PRODUCTS_DIR)/MRRSample.app/MRRSample";
				FRAMEWORK_SEARCH_PATHS = (
					"$(SDKROOT)/Developer/Library/Frameworks",
					"$(inherited)",
					"$(DEVELOPER_FRAMEWORKS_DIR)",
				);
				GCC_PRECOMPILE_PREFIX_HEADER = YES;
				GCC_PREFIX_HEADER = "MRRSample/MRRSample-Prefix.pch";
				GCC_PREPROCESSOR_DEFINITIONS = (
					"DEBUG=1",
					"$(inherited)",
				);
				INFOPLIST_FILE = "MRRSampleTests/MRRSampleTests-Info.plist";
				PRODUCT_NAME = "$(TARGET_NAME)";
				TEST_HOST = "$(BUNDLE_LOADER)";
				WRAPPER_EXTENSION = xctest;
			};
			name = Debug;
		};
		100F8228181ECC1F001DE3C1 /* Release */ = {
			isa = XCBuildConfiguration;
			buildSettings = {
				ARCHS = "$(ARCHS_STANDARD_INCLUDING_64_BIT)";
				BUNDLE_LOADER = "$(BUILT_PRODUCTS_DIR)/MRRSample.app/MRRSample";
				FRAMEWORK_SEARCH_PATHS = (
					"$(SDKROOT)/Developer/Library/Frameworks",
					"$(inherited)",
					"$(DEVELOPER_FRAMEWORKS_DIR)",
				);
				GCC_PRECOMPILE_PREFIX_HEADER = YES;
				GCC_PREFIX_HEADER = "MRRSample/MRRSample-Prefix.pch";
				INFOPLIST_FILE = "MRRSampleTests/MRRSampleTests-Info.plist";
				PRODUCT_NAME = "$(TARGET_NAME)";
				TEST_HOST = "$(BUNDLE_LOADER)";
				WRAPPER_EXTENSION = xctest;
			};
			name = Release;
		};
/* End XCBuildConfiguration section */

/* Begin XCConfigurationList section */
		100F81F2181ECC1F001DE3C1 /* Build configuration list for PBXProject "MRRSample" */ = {
			isa = XCConfigurationList;
			buildConfigurations = (
				100F8221181ECC1F001DE3C1 /* Debug */,
				100F8222181ECC1F001DE3C1 /* Release */,
			);
			defaultConfigurationIsVisible = 0;
			defaultConfigurationName = Release;
		};
		100F8223181ECC1F001DE3C1 /* Build configuration list for PBXNativeTarget "MRRSample" */ = {
			isa = XCConfigurationList;
			buildConfigurations = (
				100F8224181ECC1F001DE3C1 /* Debug */,
				100F8225181ECC1F001DE3C1 /* Release */,
			);
			defaultConfigurationIsVisible = 0;
		};
		100F8226181ECC1F001DE3C1 /* Build configuration list for PBXNativeTarget "MRRSampleTests" */ = {
			isa = XCConfigurationList;
			buildConfigurations = (
				100F8227181ECC1F001DE3C1 /* Debug */,
				100F8228181ECC1F001DE3C1 /* Release */,
			);
			defaultConfigurationIsVisible = 0;
		};
/* End XCConfigurationList section */
	};
	rootObject = 100F81EF181ECC1F001DE3C1 /* Project object */;
}
